
Microsoft Visual Studio Solution File, Format Version 11.00
# Visual Studio 2010
Project("{FAE04EC0-301F-11D3-BF4B-00C04F79EFBC}") = "MVCDemo", "MVCDemo\MVCDemo.csproj", "{D30DD6AA-0E17-4203-B631-074F90FDA8CC}"
EndProject
Project("{FAE04EC0-301F-11D3-BF4B-00C04F79EFBC}") = "BusinessLayer", "BusinessLayer\BusinessLayer.csproj", "{A213F353-D7EF-42A8-B799-11A9FC195FF1}"
EndProject
Global
	GlobalSection(SolutionConfigurationPlatforms) = preSolution
		Debug|Any CPU = Debug|Any CPU
		Release|Any CPU = Release|Any CPU
	EndGlobalSection
	GlobalSection(ProjectConfigurationPlatforms) = postSolution
		{D30DD6AA-0E17-4203-B631-074F90FDA8CC}.Debug|Any CPU.ActiveCfg = Debug|Any CPU
		{D30DD6AA-0E17-4203-B631-074F90FDA8CC}.Debug|Any CPU.Build.0 = Debug|Any CPU
		{D30DD6AA-0E17-4203-B631-074F90FDA8CC}.Release|Any CPU.ActiveCfg = Release|Any CPU
		{D30DD6AA-0E17-4203-B631-074F90FDA8CC}.Release|Any CPU.Build.0 = Release|Any CPU
		{A213F353-D7EF-42A8-B799-11A9FC195FF1}.Debug|Any CPU.ActiveCfg = Debug|Any CPU
		{A213F353-D7EF-42A8-B799-11A9FC195FF1}.Debug|Any CPU.Build.0 = Debug|Any CPU
		{A213F353-D7EF-42A8-B799-11A9FC195FF1}.Release|Any CPU.ActiveCfg = Release|Any CPU
		{A213F353-D7EF-42A8-B799-11A9FC195FF1}.Release|Any CPU.Build.0 = Release|Any CPU
	EndGlobalSection
	GlobalSection(SolutionProperties) = preSolution
		HideSolutionNode = FALSE
	EndGlobalSection
EndGlobal
